{
  "pins" : [
    {
      "identity" : "dns",
      "kind" : "remoteSourceControl",
      "location" : "https://github.com/Krivoblotsky/DNS",
      "state" : {
        "branch" : "master",
        "revision" : "f33405dec06b3a6920d925998a573e6e0da8bec5"
      }
    },
    {
      "identity" : "gcxmulticastdnskit",
      "kind" : "remoteSourceControl",
      "location" : "https://github.com/grandcentrix/GCXMulticastDNSKit",
      "state" : {
        "branch" : "master",
        "revision" : "85185cb9c0e6deee41b936de9f620a806031f698"
      }
    }
  ],
  "version" : 2
}
